// !$*UTF8*$!
{
	archiveVersion = 1;
	classes = {
	};
	objectVersion = 56;
	objects = {

/* Begin PBXBuildFile section */
		51425BC82A1B515F009B7E17 /* MainLayout.swift in Sources */ = {isa = PBXBuildFile; fileRef = 51425BC72A1B515F009B7E17 /* MainLayout.swift */; };
		5149305F2A1C8FD30004516C /* NBModel in Frameworks */ = {isa = PBXBuildFile; productRef = 5149305E2A1C8FD30004516C /* NBModel */; };
		515B2AEE2A14905400BA34DF /* UIViewController+Rx.swift in Sources */ = {isa = PBXBuildFile; fileRef = 515B2AED2A14905400BA34DF /* UIViewController+Rx.swift */; };
		515B2AF02A14915600BA34DF /* TextCell.swift in Sources */ = {isa = PBXBuildFile; fileRef = 515B2AEF2A14915600BA34DF /* TextCell.swift */; };
		515B2AF22A14917000BA34DF /* ImageCell.swift in Sources */ = {isa = PBXBuildFile; fileRef = 515B2AF12A14917000BA34DF /* ImageCell.swift */; };
		515B2AF92A14958B00BA34DF /* Differentiator in Frameworks */ = {isa = PBXBuildFile; productRef = 515B2AF82A14958B00BA34DF /* Differentiator */; };
		515B2AFB2A14958B00BA34DF /* RxDataSources in Frameworks */ = {isa = PBXBuildFile; productRef = 515B2AFA2A14958B00BA34DF /* RxDataSources */; };
		518C61AA2A1767A20032C1CA /* RxCocoa in Frameworks */ = {isa = PBXBuildFile; productRef = 518C61A92A1767A20032C1CA /* RxCocoa */; };
		518C61AC2A1767A20032C1CA /* RxSwift in Frameworks */ = {isa = PBXBuildFile; productRef = 518C61AB2A1767A20032C1CA /* RxSwift */; };
		9B2074102A025C5A00896261 /* AppDelegate.swift in Sources */ = {isa = PBXBuildFile; fileRef = 9B20740F2A025C5A00896261 /* AppDelegate.swift */; };
		9B2074122A025C5A00896261 /* SceneDelegate.swift in Sources */ = {isa = PBXBuildFile; fileRef = 9B2074112A025C5A00896261 /* SceneDelegate.swift */; };
		9B2074192A025C5B00896261 /* Assets.xcassets in Resources */ = {isa = PBXBuildFile; fileRef = 9B2074182A025C5B00896261 /* Assets.xcassets */; };
		9B20741C2A025C5B00896261 /* LaunchScreen.storyboard in Resources */ = {isa = PBXBuildFile; fileRef = 9B20741A2A025C5B00896261 /* LaunchScreen.storyboard */; };
		9B2074272A025C5B00896261 /* ExReactorTests.swift in Sources */ = {isa = PBXBuildFile; fileRef = 9B2074262A025C5B00896261 /* ExReactorTests.swift */; };
		9B2074312A025C5B00896261 /* ExReactorUITests.swift in Sources */ = {isa = PBXBuildFile; fileRef = 9B2074302A025C5B00896261 /* ExReactorUITests.swift */; };
		9B2074332A025C5B00896261 /* ExReactorUITestsLaunchTests.swift in Sources */ = {isa = PBXBuildFile; fileRef = 9B2074322A025C5B00896261 /* ExReactorUITestsLaunchTests.swift */; };
		9B2074412A025CCC00896261 /* ReactorKit in Frameworks */ = {isa = PBXBuildFile; productRef = 9B2074402A025CCC00896261 /* ReactorKit */; };
		9B2074442A025D4400896261 /* PinLayout in Frameworks */ = {isa = PBXBuildFile; productRef = 9B2074432A025D4400896261 /* PinLayout */; };
		9B2074472A025D7B00896261 /* FlexLayout in Frameworks */ = {isa = PBXBuildFile; productRef = 9B2074462A025D7B00896261 /* FlexLayout */; };
		9B2074492A025D7B00896261 /* FlexLayoutYoga in Frameworks */ = {isa = PBXBuildFile; productRef = 9B2074482A025D7B00896261 /* FlexLayoutYoga */; };
		9B20744B2A025D7B00896261 /* FlexLayoutYogaKit in Frameworks */ = {isa = PBXBuildFile; productRef = 9B20744A2A025D7B00896261 /* FlexLayoutYogaKit */; };
		9B20744D2A025E4F00896261 /* MainViewController.swift in Sources */ = {isa = PBXBuildFile; fileRef = 9B20744C2A025E4F00896261 /* MainViewController.swift */; };
		9B2074502A025F0A00896261 /* Then in Frameworks */ = {isa = PBXBuildFile; productRef = 9B20744F2A025F0A00896261 /* Then */; };
		9B2074522A02608100896261 /* MainViewReactor.swift in Sources */ = {isa = PBXBuildFile; fileRef = 9B2074512A02608100896261 /* MainViewReactor.swift */; };
		9B7CF0F62A13825100E471C3 /* Alamofire in Frameworks */ = {isa = PBXBuildFile; productRef = 9B7CF0F52A13825100E471C3 /* Alamofire */; };
/* End PBXBuildFile section */

/* Begin PBXContainerItemProxy section */
		9B2074232A025C5B00896261 /* PBXContainerItemProxy */ = {
			isa = PBXContainerItemProxy;
			containerPortal = 9B2074042A025C5A00896261 /* Project object */;
			proxyType = 1;
			remoteGlobalIDString = 9B20740B2A025C5A00896261;
			remoteInfo = ExReactor;
		};
		9B20742D2A025C5B00896261 /* PBXContainerItemProxy */ = {
			isa = PBXContainerItemProxy;
			containerPortal = 9B2074042A025C5A00896261 /* Project object */;
			proxyType = 1;
			remoteGlobalIDString = 9B20740B2A025C5A00896261;
			remoteInfo = ExReactor;
		};
/* End PBXContainerItemProxy section */

/* Begin PBXFileReference section */
		51425BC72A1B515F009B7E17 /* MainLayout.swift */ = {isa = PBXFileReference; lastKnownFileType = sourcecode.swift; path = MainLayout.swift; sourceTree = "<group>"; };
		515B2AED2A14905400BA34DF /* UIViewController+Rx.swift */ = {isa = PBXFileReference; lastKnownFileType = sourcecode.swift; path = "UIViewController+Rx.swift"; sourceTree = "<group>"; };
		515B2AEF2A14915600BA34DF /* TextCell.swift */ = {isa = PBXFileReference; lastKnownFileType = sourcecode.swift; path = TextCell.swift; sourceTree = "<group>"; };
		515B2AF12A14917000BA34DF /* ImageCell.swift */ = {isa = PBXFileReference; lastKnownFileType = sourcecode.swift; path = ImageCell.swift; sourceTree = "<group>"; };
		9B20740C2A025C5A00896261 /* ExReactor.app */ = {isa = PBXFileReference; explicitFileType = wrapper.application; includeInIndex = 0; path = ExReactor.app; sourceTree = BUILT_PRODUCTS_DIR; };
		9B20740F2A025C5A00896261 /* AppDelegate.swift */ = {isa = PBXFileReference; lastKnownFileType = sourcecode.swift; path = AppDelegate.swift; sourceTree = "<group>"; };
		9B2074112A025C5A00896261 /* SceneDelegate.swift */ = {isa = PBXFileReference; lastKnownFileType = sourcecode.swift; path = SceneDelegate.swift; sourceTree = "<group>"; };
		9B2074182A025C5B00896261 /* Assets.xcassets */ = {isa = PBXFileReference; lastKnownFileType = folder.assetcatalog; path = Assets.xcassets; sourceTree = "<group>"; };
		9B20741B2A025C5B00896261 /* Base */ = {isa = PBXFileReference; lastKnownFileType = file.storyboard; name = Base; path = Base.lproj/LaunchScreen.storyboard; sourceTree = "<group>"; };
		9B20741D2A025C5B00896261 /* Info.plist */ = {isa = PBXFileReference; lastKnownFileType = text.plist.xml; path = Info.plist; sourceTree = "<group>"; };
		9B2074222A025C5B00896261 /* ExReactorTests.xctest */ = {isa = PBXFileReference; explicitFileType = wrapper.cfbundle; includeInIndex = 0; path = ExReactorTests.xctest; sourceTree = BUILT_PRODUCTS_DIR; };
		9B2074262A025C5B00896261 /* ExReactorTests.swift */ = {isa = PBXFileReference; lastKnownFileType = sourcecode.swift; path = ExReactorTests.swift; sourceTree = "<group>"; };
		9B20742C2A025C5B00896261 /* ExReactorUITests.xctest */ = {isa = PBXFileReference; explicitFileType = wrapper.cfbundle; includeInIndex = 0; path = ExReactorUITests.xctest; sourceTree = BUILT_PRODUCTS_DIR; };
		9B2074302A025C5B00896261 /* ExReactorUITests.swift */ = {isa = PBXFileReference; lastKnownFileType = sourcecode.swift; path = ExReactorUITests.swift; sourceTree = "<group>"; };
		9B2074322A025C5B00896261 /* ExReactorUITestsLaunchTests.swift */ = {isa = PBXFileReference; lastKnownFileType = sourcecode.swift; path = ExReactorUITestsLaunchTests.swift; sourceTree = "<group>"; };
		9B20744C2A025E4F00896261 /* MainViewController.swift */ = {isa = PBXFileReference; lastKnownFileType = sourcecode.swift; path = MainViewController.swift; sourceTree = "<group>"; };
		9B2074512A02608100896261 /* MainViewReactor.swift */ = {isa = PBXFileReference; lastKnownFileType = sourcecode.swift; path = MainViewReactor.swift; sourceTree = "<group>"; };
/* End PBXFileReference section */

/* Begin PBXFrameworksBuildPhase section */
		9B2074092A025C5A00896261 /* Frameworks */ = {
			isa = PBXFrameworksBuildPhase;
			buildActionMask = 2147483647;
			files = (
				5149305F2A1C8FD30004516C /* NBModel in Frameworks */,
				9B2074472A025D7B00896261 /* FlexLayout in Frameworks */,
				9B7CF0F62A13825100E471C3 /* Alamofire in Frameworks */,
				518C61AA2A1767A20032C1CA /* RxCocoa in Frameworks */,
				515B2AFB2A14958B00BA34DF /* RxDataSources in Frameworks */,
				9B2074502A025F0A00896261 /* Then in Frameworks */,
				9B20744B2A025D7B00896261 /* FlexLayoutYogaKit in Frameworks */,
				9B2074442A025D4400896261 /* PinLayout in Frameworks */,
				9B2074412A025CCC00896261 /* ReactorKit in Frameworks */,
				515B2AF92A14958B00BA34DF /* Differentiator in Frameworks */,
				9B2074492A025D7B00896261 /* FlexLayoutYoga in Frameworks */,
				518C61AC2A1767A20032C1CA /* RxSwift in Frameworks */,
			);
			runOnlyForDeploymentPostprocessing = 0;
		};
		9B20741F2A025C5B00896261 /* Frameworks */ = {
			isa = PBXFrameworksBuildPhase;
			buildActionMask = 2147483647;
			files = (
			);
			runOnlyForDeploymentPostprocessing = 0;
		};
		9B2074292A025C5B00896261 /* Frameworks */ = {
			isa = PBXFrameworksBuildPhase;
			buildActionMask = 2147483647;
			files = (
			);
			runOnlyForDeploymentPostprocessing = 0;
		};
/* End PBXFrameworksBuildPhase section */

/* Begin PBXGroup section */
		9B2074032A025C5A00896261 = {
			isa = PBXGroup;
			children = (
				9B20740E2A025C5A00896261 /* ExReactor */,
				9B2074252A025C5B00896261 /* ExReactorTests */,
				9B20742F2A025C5B00896261 /* ExReactorUITests */,
				9B20740D2A025C5A00896261 /* Products */,
			);
			sourceTree = "<group>";
		};
		9B20740D2A025C5A00896261 /* Products */ = {
			isa = PBXGroup;
			children = (
				9B20740C2A025C5A00896261 /* ExReactor.app */,
				9B2074222A025C5B00896261 /* ExReactorTests.xctest */,
				9B20742C2A025C5B00896261 /* ExReactorUITests.xctest */,
			);
			name = Products;
			sourceTree = "<group>";
		};
		9B20740E2A025C5A00896261 /* ExReactor */ = {
			isa = PBXGroup;
			children = (
				9B20740F2A025C5A00896261 /* AppDelegate.swift */,
				9B2074112A025C5A00896261 /* SceneDelegate.swift */,
				9B2074182A025C5B00896261 /* Assets.xcassets */,
				9B20741A2A025C5B00896261 /* LaunchScreen.storyboard */,
				9B20741D2A025C5B00896261 /* Info.plist */,
				9B20744C2A025E4F00896261 /* MainViewController.swift */,
				9B2074512A02608100896261 /* MainViewReactor.swift */,
				515B2AED2A14905400BA34DF /* UIViewController+Rx.swift */,
				515B2AEF2A14915600BA34DF /* TextCell.swift */,
				515B2AF12A14917000BA34DF /* ImageCell.swift */,
				51425BC72A1B515F009B7E17 /* MainLayout.swift */,
			);
			path = ExReactor;
			sourceTree = "<group>";
		};
		9B2074252A025C5B00896261 /* ExReactorTests */ = {
			isa = PBXGroup;
			children = (
				9B2074262A025C5B00896261 /* ExReactorTests.swift */,
			);
			path = ExReactorTests;
			sourceTree = "<group>";
		};
		9B20742F2A025C5B00896261 /* ExReactorUITests */ = {
			isa = PBXGroup;
			children = (
				9B2074302A025C5B00896261 /* ExReactorUITests.swift */,
				9B2074322A025C5B00896261 /* ExReactorUITestsLaunchTests.swift */,
			);
			path = ExReactorUITests;
			sourceTree = "<group>";
		};
/* End PBXGroup section */

/* Begin PBXNativeTarget section */
		9B20740B2A025C5A00896261 /* ExReactor */ = {
			isa = PBXNativeTarget;
			buildConfigurationList = 9B2074362A025C5B00896261 /* Build configuration list for PBXNativeTarget "ExReactor" */;
			buildPhases = (
				9B2074082A025C5A00896261 /* Sources */,
				9B2074092A025C5A00896261 /* Frameworks */,
				9B20740A2A025C5A00896261 /* Resources */,
			);
			buildRules = (
			);
			dependencies = (
			);
			name = ExReactor;
			packageProductDependencies = (
				9B2074402A025CCC00896261 /* ReactorKit */,
				9B2074432A025D4400896261 /* PinLayout */,
				9B2074462A025D7B00896261 /* FlexLayout */,
				9B2074482A025D7B00896261 /* FlexLayoutYoga */,
				9B20744A2A025D7B00896261 /* FlexLayoutYogaKit */,
				9B20744F2A025F0A00896261 /* Then */,
				9B7CF0F52A13825100E471C3 /* Alamofire */,
				515B2AF82A14958B00BA34DF /* Differentiator */,
				515B2AFA2A14958B00BA34DF /* RxDataSources */,
				518C61A92A1767A20032C1CA /* RxCocoa */,
				518C61AB2A1767A20032C1CA /* RxSwift */,
				5149305E2A1C8FD30004516C /* NBModel */,
			);
			productName = ExReactor;
			productReference = 9B20740C2A025C5A00896261 /* ExReactor.app */;
			productType = "com.apple.product-type.application";
		};
		9B2074212A025C5B00896261 /* ExReactorTests */ = {
			isa = PBXNativeTarget;
			buildConfigurationList = 9B2074392A025C5B00896261 /* Build configuration list for PBXNativeTarget "ExReactorTests" */;
			buildPhases = (
				9B20741E2A025C5B00896261 /* Sources */,
				9B20741F2A025C5B00896261 /* Frameworks */,
				9B2074202A025C5B00896261 /* Resources */,
			);
			buildRules = (
			);
			dependencies = (
				9B2074242A025C5B00896261 /* PBXTargetDependency */,
			);
			name = ExReactorTests;
			productName = ExReactorTests;
			productReference = 9B2074222A025C5B00896261 /* ExReactorTests.xctest */;
			productType = "com.apple.product-type.bundle.unit-test";
		};
		9B20742B2A025C5B00896261 /* ExReactorUITests */ = {
			isa = PBXNativeTarget;
			buildConfigurationList = 9B20743C2A025C5B00896261 /* Build configuration list for PBXNativeTarget "ExReactorUITests" */;
			buildPhases = (
				9B2074282A025C5B00896261 /* Sources */,
				9B2074292A025C5B00896261 /* Frameworks */,
				9B20742A2A025C5B00896261 /* Resources */,
			);
			buildRules = (
			);
			dependencies = (
				9B20742E2A025C5B00896261 /* PBXTargetDependency */,
			);
			name = ExReactorUITests;
			productName = ExReactorUITests;
			productReference = 9B20742C2A025C5B00896261 /* ExReactorUITests.xctest */;
			productType = "com.apple.product-type.bundle.ui-testing";
		};
/* End PBXNativeTarget section */

/* Begin PBXProject section */
		9B2074042A025C5A00896261 /* Project object */ = {
			isa = PBXProject;
			attributes = {
				BuildIndependentTargetsInParallel = 1;
				LastSwiftUpdateCheck = 1430;
				LastUpgradeCheck = 1430;
				TargetAttributes = {
					9B20740B2A025C5A00896261 = {
						CreatedOnToolsVersion = 14.3;
					};
					9B2074212A025C5B00896261 = {
						CreatedOnToolsVersion = 14.3;
						TestTargetID = 9B20740B2A025C5A00896261;
					};
					9B20742B2A025C5B00896261 = {
						CreatedOnToolsVersion = 14.3;
						TestTargetID = 9B20740B2A025C5A00896261;
					};
				};
			};
			buildConfigurationList = 9B2074072A025C5A00896261 /* Build configuration list for PBXProject "ExReactor" */;
			compatibilityVersion = "Xcode 14.0";
			developmentRegion = en;
			hasScannedForEncodings = 0;
			knownRegions = (
				en,
				Base,
			);
			mainGroup = 9B2074032A025C5A00896261;
			packageReferences = (
				9B20743F2A025CCC00896261 /* XCRemoteSwiftPackageReference "ReactorKit" */,
				9B2074422A025D4400896261 /* XCRemoteSwiftPackageReference "PinLayout" */,
				9B2074452A025D7B00896261 /* XCRemoteSwiftPackageReference "FlexLayout" */,
				9B20744E2A025F0A00896261 /* XCRemoteSwiftPackageReference "Then" */,
				9B7CF0F42A13825100E471C3 /* XCRemoteSwiftPackageReference "Alamofire" */,
				515B2AF72A14958B00BA34DF /* XCRemoteSwiftPackageReference "RxDataSources" */,
				518C61A82A1767A20032C1CA /* XCRemoteSwiftPackageReference "RxSwift" */,
				5149305D2A1C8FD30004516C /* XCRemoteSwiftPackageReference "NBModel-iOS" */,
			);
			productRefGroup = 9B20740D2A025C5A00896261 /* Products */;
			projectDirPath = "";
			projectRoot = "";
			targets = (
				9B20740B2A025C5A00896261 /* ExReactor */,
				9B2074212A025C5B00896261 /* ExReactorTests */,
				9B20742B2A025C5B00896261 /* ExReactorUITests */,
			);
		};
/* End PBXProject section */

/* Begin PBXResourcesBuildPhase section */
		9B20740A2A025C5A00896261 /* Resources */ = {
			isa = PBXResourcesBuildPhase;
			buildActionMask = 2147483647;
			files = (
				9B20741C2A025C5B00896261 /* LaunchScreen.storyboard in Resources */,
				9B2074192A025C5B00896261 /* Assets.xcassets in Resources */,
			);
			runOnlyForDeploymentPostprocessing = 0;
		};
		9B2074202A025C5B00896261 /* Resources */ = {
			isa = PBXResourcesBuildPhase;
			buildActionMask = 2147483647;
			files = (
			);
			runOnlyForDeploymentPostprocessing = 0;
		};
		9B20742A2A025C5B00896261 /* Resources */ = {
			isa = PBXResourcesBuildPhase;
			buildActionMask = 2147483647;
			files = (
			);
			runOnlyForDeploymentPostprocessing = 0;
		};
/* End PBXResourcesBuildPhase section */

/* Begin PBXSourcesBuildPhase section */
		9B2074082A025C5A00896261 /* Sources */ = {
			isa = PBXSourcesBuildPhase;
			buildActionMask = 2147483647;
			files = (
				515B2AEE2A14905400BA34DF /* UIViewController+Rx.swift in Sources */,
				9B2074522A02608100896261 /* MainViewReactor.swift in Sources */,
				9B20744D2A025E4F00896261 /* MainViewController.swift in Sources */,
				9B2074102A025C5A00896261 /* AppDelegate.swift in Sources */,
				515B2AF02A14915600BA34DF /* TextCell.swift in Sources */,
				515B2AF22A14917000BA34DF /* ImageCell.swift in Sources */,
				51425BC82A1B515F009B7E17 /* MainLayout.swift in Sources */,
				9B2074122A025C5A00896261 /* SceneDelegate.swift in Sources */,
			);
			runOnlyForDeploymentPostprocessing = 0;
		};
		9B20741E2A025C5B00896261 /* Sources */ = {
			isa = PBXSourcesBuildPhase;
			buildActionMask = 2147483647;
			files = (
				9B2074272A025C5B00896261 /* ExReactorTests.swift in Sources */,
			);
			runOnlyForDeploymentPostprocessing = 0;
		};
		9B2074282A025C5B00896261 /* Sources */ = {
			isa = PBXSourcesBuildPhase;
			buildActionMask = 2147483647;
			files = (
				9B2074332A025C5B00896261 /* ExReactorUITestsLaunchTests.swift in Sources */,
				9B2074312A025C5B00896261 /* ExReactorUITests.swift in Sources */,
			);
			runOnlyForDeploymentPostprocessing = 0;
		};
/* End PBXSourcesBuildPhase section */

/* Begin PBXTargetDependency section */
		9B2074242A025C5B00896261 /* PBXTargetDependency */ = {
			isa = PBXTargetDependency;
			target = 9B20740B2A025C5A00896261 /* ExReactor */;
			targetProxy = 9B2074232A025C5B00896261 /* PBXContainerItemProxy */;
		};
		9B20742E2A025C5B00896261 /* PBXTargetDependency */ = {
			isa = PBXTargetDependency;
			target = 9B20740B2A025C5A00896261 /* ExReactor */;
			targetProxy = 9B20742D2A025C5B00896261 /* PBXContainerItemProxy */;
		};
/* End PBXTargetDependency section */

/* Begin PBXVariantGroup section */
		9B20741A2A025C5B00896261 /* LaunchScreen.storyboard */ = {
			isa = PBXVariantGroup;
			children = (
				9B20741B2A025C5B00896261 /* Base */,
			);
			name = LaunchScreen.storyboard;
			sourceTree = "<group>";
		};
/* End PBXVariantGroup section */

/* Begin XCBuildConfiguration section */
		9B2074342A025C5B00896261 /* Debug */ = {
			isa = XCBuildConfiguration;
			buildSettings = {
				ALWAYS_SEARCH_USER_PATHS = NO;
				CLANG_ANALYZER_NONNULL = YES;
				CLANG_ANALYZER_NUMBER_OBJECT_CONVERSION = YES_AGGRESSIVE;
				CLANG_CXX_LANGUAGE_STANDARD = "gnu++20";
				CLANG_ENABLE_MODULES = YES;
				CLANG_ENABLE_OBJC_ARC = YES;
				CLANG_ENABLE_OBJC_WEAK = YES;
				CLANG_WARN_BLOCK_CAPTURE_AUTORELEASING = YES;
				CLANG_WARN_BOOL_CONVERSION = YES;
				CLANG_WARN_COMMA = YES;
				CLANG_WARN_CONSTANT_CONVERSION = YES;
				CLANG_WARN_DEPRECATED_OBJC_IMPLEMENTATIONS = YES;
				CLANG_WARN_DIRECT_OBJC_ISA_USAGE = YES_ERROR;
				CLANG_WARN_DOCUMENTATION_COMMENTS = YES;
				CLANG_WARN_EMPTY_BODY = YES;
				CLANG_WARN_ENUM_CONVERSION = YES;
				CLANG_WARN_INFINITE_RECURSION = YES;
				CLANG_WARN_INT_CONVERSION = YES;
				CLANG_WARN_NON_LITERAL_NULL_CONVERSION = YES;
				CLANG_WARN_OBJC_IMPLICIT_RETAIN_SELF = YES;
				CLANG_WARN_OBJC_LITERAL_CONVERSION = YES;
				CLANG_WARN_OBJC_ROOT_CLASS = YES_ERROR;
				CLANG_WARN_QUOTED_INCLUDE_IN_FRAMEWORK_HEADER = YES;
				CLANG_WARN_RANGE_LOOP_ANALYSIS = YES;
				CLANG_WARN_STRICT_PROTOTYPES = YES;
				CLANG_WARN_SUSPICIOUS_MOVE = YES;
				CLANG_WARN_UNGUARDED_AVAILABILITY = YES_AGGRESSIVE;
				CLANG_WARN_UNREACHABLE_CODE = YES;
				CLANG_WARN__DUPLICATE_METHOD_MATCH = YES;
				COPY_PHASE_STRIP = NO;
				DEBUG_INFORMATION_FORMAT = dwarf;
				ENABLE_STRICT_OBJC_MSGSEND = YES;
				ENABLE_TESTABILITY = YES;
				GCC_C_LANGUAGE_STANDARD = gnu11;
				GCC_DYNAMIC_NO_PIC = NO;
				GCC_NO_COMMON_BLOCKS = YES;
				GCC_OPTIMIZATION_LEVEL = 0;
				GCC_PREPROCESSOR_DEFINITIONS = (
					"DEBUG=1",
					"$(inherited)",
				);
				GCC_WARN_64_TO_32_BIT_CONVERSION = YES;
				GCC_WARN_ABOUT_RETURN_TYPE = YES_ERROR;
				GCC_WARN_UNDECLARED_SELECTOR = YES;
				GCC_WARN_UNINITIALIZED_AUTOS = YES_AGGRESSIVE;
				GCC_WARN_UNUSED_FUNCTION = YES;
				GCC_WARN_UNUSED_VARIABLE = YES;
				IPHONEOS_DEPLOYMENT_TARGET = 16.4;
				MTL_ENABLE_DEBUG_INFO = INCLUDE_SOURCE;
				MTL_FAST_MATH = YES;
				ONLY_ACTIVE_ARCH = YES;
				SDKROOT = iphoneos;
				SWIFT_ACTIVE_COMPILATION_CONDITIONS = DEBUG;
				SWIFT_OPTIMIZATION_LEVEL = "-Onone";
			};
			name = Debug;
		};
		9B2074352A025C5B00896261 /* Release */ = {
			isa = XCBuildConfiguration;
			buildSettings = {
				ALWAYS_SEARCH_USER_PATHS = NO;
				CLANG_ANALYZER_NONNULL = YES;
				CLANG_ANALYZER_NUMBER_OBJECT_CONVERSION = YES_AGGRESSIVE;
				CLANG_CXX_LANGUAGE_STANDARD = "gnu++20";
				CLANG_ENABLE_MODULES = YES;
				CLANG_ENABLE_OBJC_ARC = YES;
				CLANG_ENABLE_OBJC_WEAK = YES;
				CLANG_WARN_BLOCK_CAPTURE_AUTORELEASING = YES;
				CLANG_WARN_BOOL_CONVERSION = YES;
				CLANG_WARN_COMMA = YES;
				CLANG_WARN_CONSTANT_CONVERSION = YES;
				CLANG_WARN_DEPRECATED_OBJC_IMPLEMENTATIONS = YES;
				CLANG_WARN_DIRECT_OBJC_ISA_USAGE = YES_ERROR;
				CLANG_WARN_DOCUMENTATION_COMMENTS = YES;
				CLANG_WARN_EMPTY_BODY = YES;
				CLANG_WARN_ENUM_CONVERSION = YES;
				CLANG_WARN_INFINITE_RECURSION = YES;
				CLANG_WARN_INT_CONVERSION = YES;
				CLANG_WARN_NON_LITERAL_NULL_CONVERSION = YES;
				CLANG_WARN_OBJC_IMPLICIT_RETAIN_SELF = YES;
				CLANG_WARN_OBJC_LITERAL_CONVERSION = YES;
				CLANG_WARN_OBJC_ROOT_CLASS = YES_ERROR;
				CLANG_WARN_QUOTED_INCLUDE_IN_FRAMEWORK_HEADER = YES;
				CLANG_WARN_RANGE_LOOP_ANALYSIS = YES;
				CLANG_WARN_STRICT_PROTOTYPES = YES;
				CLANG_WARN_SUSPICIOUS_MOVE = YES;
				CLANG_WARN_UNGUARDED_AVAILABILITY = YES_AGGRESSIVE;
				CLANG_WARN_UNREACHABLE_CODE = YES;
				CLANG_WARN__DUPLICATE_METHOD_MATCH = YES;
				COPY_PHASE_STRIP = NO;
				DEBUG_INFORMATION_FORMAT = "dwarf-with-dsym";
				ENABLE_NS_ASSERTIONS = NO;
				ENABLE_STRICT_OBJC_MSGSEND = YES;
				GCC_C_LANGUAGE_STANDARD = gnu11;
				GCC_NO_COMMON_BLOCKS = YES;
				GCC_WARN_64_TO_32_BIT_CONVERSION = YES;
				GCC_WARN_ABOUT_RETURN_TYPE = YES_ERROR;
				GCC_WARN_UNDECLARED_SELECTOR = YES;
				GCC_WARN_UNINITIALIZED_AUTOS = YES_AGGRESSIVE;
				GCC_WARN_UNUSED_FUNCTION = YES;
				GCC_WARN_UNUSED_VARIABLE = YES;
				IPHONEOS_DEPLOYMENT_TARGET = 16.4;
				MTL_ENABLE_DEBUG_INFO = NO;
				MTL_FAST_MATH = YES;
				SDKROOT = iphoneos;
				SWIFT_COMPILATION_MODE = wholemodule;
				SWIFT_OPTIMIZATION_LEVEL = "-O";
				VALIDATE_PRODUCT = YES;
			};
			name = Release;
		};
		9B2074372A025C5B00896261 /* Debug */ = {
			isa = XCBuildConfiguration;
			buildSettings = {
				ASSETCATALOG_COMPILER_APPICON_NAME = AppIcon;
				ASSETCATALOG_COMPILER_GLOBAL_ACCENT_COLOR_NAME = AccentColor;
				CODE_SIGN_STYLE = Manual;
				CURRENT_PROJECT_VERSION = 1;
				DEVELOPMENT_TEAM = "";
				GCC_PREPROCESSOR_DEFINITIONS = (
					"DEBUG=1",
					"$(inherited)",
					"FLEXLAYOUT_SWIFT_PACKAGE=1",
				);
				GENERATE_INFOPLIST_FILE = YES;
				INFOPLIST_FILE = ExReactor/Info.plist;
				INFOPLIST_KEY_UIApplicationSupportsIndirectInputEvents = YES;
				INFOPLIST_KEY_UILaunchStoryboardName = LaunchScreen;
				INFOPLIST_KEY_UISupportedInterfaceOrientations_iPad = "UIInterfaceOrientationPortrait UIInterfaceOrientationPortraitUpsideDown UIInterfaceOrientationLandscapeLeft UIInterfaceOrientationLandscapeRight";
				INFOPLIST_KEY_UISupportedInterfaceOrientations_iPhone = "UIInterfaceOrientationPortrait UIInterfaceOrientationLandscapeLeft UIInterfaceOrientationLandscapeRight";
				IPHONEOS_DEPLOYMENT_TARGET = 15.0;
				LD_RUNPATH_SEARCH_PATHS = (
					"$(inherited)",
					"@executable_path/Frameworks",
				);
				MARKETING_VERSION = 1.0;
				PRODUCT_BUNDLE_IDENTIFIER = coke.ExReactor;
				PRODUCT_NAME = "$(TARGET_NAME)";
				PROVISIONING_PROFILE_SPECIFIER = "";
				SWIFT_EMIT_LOC_STRINGS = YES;
				SWIFT_VERSION = 5.0;
				TARGETED_DEVICE_FAMILY = "1,2";
			};
			name = Debug;
		};
		9B2074382A025C5B00896261 /* Release */ = {
			isa = XCBuildConfiguration;
			buildSettings = {
				ASSETCATALOG_COMPILER_APPICON_NAME = AppIcon;
				ASSETCATALOG_COMPILER_GLOBAL_ACCENT_COLOR_NAME = AccentColor;
				CODE_SIGN_STYLE = Manual;
				CURRENT_PROJECT_VERSION = 1;
				DEVELOPMENT_TEAM = "";
				GENERATE_INFOPLIST_FILE = YES;
				INFOPLIST_FILE = ExReactor/Info.plist;
				INFOPLIST_KEY_UIApplicationSupportsIndirectInputEvents = YES;
				INFOPLIST_KEY_UILaunchStoryboardName = LaunchScreen;
				INFOPLIST_KEY_UISupportedInterfaceOrientations_iPad = "UIInterfaceOrientationPortrait UIInterfaceOrientationPortraitUpsideDown UIInterfaceOrientationLandscapeLeft UIInterfaceOrientationLandscapeRight";
				INFOPLIST_KEY_UISupportedInterfaceOrientations_iPhone = "UIInterfaceOrientationPortrait UIInterfaceOrientationLandscapeLeft UIInterfaceOrientationLandscapeRight";
				IPHONEOS_DEPLOYMENT_TARGET = 15.0;
				LD_RUNPATH_SEARCH_PATHS = (
					"$(inherited)",
					"@executable_path/Frameworks",
				);
				MARKETING_VERSION = 1.0;
				PRODUCT_BUNDLE_IDENTIFIER = coke.ExReactor;
				PRODUCT_NAME = "$(TARGET_NAME)";
				PROVISIONING_PROFILE_SPECIFIER = "";
				SWIFT_EMIT_LOC_STRINGS = YES;
				SWIFT_VERSION = 5.0;
				TARGETED_DEVICE_FAMILY = "1,2";
			};
			name = Release;
		};
		9B20743A2A025C5B00896261 /* Debug */ = {
			isa = XCBuildConfiguration;
			buildSettings = {
				ALWAYS_EMBED_SWIFT_STANDARD_LIBRARIES = YES;
				BUNDLE_LOADER = "$(TEST_HOST)";
				CODE_SIGN_STYLE = Automatic;
				CURRENT_PROJECT_VERSION = 1;
				GENERATE_INFOPLIST_FILE = YES;
				IPHONEOS_DEPLOYMENT_TARGET = 16.4;
				MARKETING_VERSION = 1.0;
				PRODUCT_BUNDLE_IDENTIFIER = coke.ExReactorTests;
				PRODUCT_NAME = "$(TARGET_NAME)";
				SWIFT_EMIT_LOC_STRINGS = NO;
				SWIFT_VERSION = 5.0;
				TARGETED_DEVICE_FAMILY = "1,2";
				TEST_HOST = "$(BUILT_PRODUCTS_DIR)/ExReactor.app/$(BUNDLE_EXECUTABLE_FOLDER_PATH)/ExReactor";
			};
			name = Debug;
		};
		9B20743B2A025C5B00896261 /* Release */ = {
			isa = XCBuildConfiguration;
			buildSettings = {
				ALWAYS_EMBED_SWIFT_STANDARD_LIBRARIES = YES;
				BUNDLE_LOADER = "$(TEST_HOST)";
				CODE_SIGN_STYLE = Automatic;
				CURRENT_PROJECT_VERSION = 1;
				GENERATE_INFOPLIST_FILE = YES;
				IPHONEOS_DEPLOYMENT_TARGET = 16.4;
				MARKETING_VERSION = 1.0;
				PRODUCT_BUNDLE_IDENTIFIER = coke.ExReactorTests;
				PRODUCT_NAME = "$(TARGET_NAME)";
				SWIFT_EMIT_LOC_STRINGS = NO;
				SWIFT_VERSION = 5.0;
				TARGETED_DEVICE_FAMILY = "1,2";
				TEST_HOST = "$(BUILT_PRODUCTS_DIR)/ExReactor.app/$(BUNDLE_EXECUTABLE_FOLDER_PATH)/ExReactor";
			};
			name = Release;
		};
		9B20743D2A025C5B00896261 /* Debug */ = {
			isa = XCBuildConfiguration;
			buildSettings = {
				ALWAYS_EMBED_SWIFT_STANDARD_LIBRARIES = YES;
				CODE_SIGN_STYLE = Automatic;
				CURRENT_PROJECT_VERSION = 1;
				GENERATE_INFOPLIST_FILE = YES;
				MARKETING_VERSION = 1.0;
				PRODUCT_BUNDLE_IDENTIFIER = coke.ExReactorUITests;
				PRODUCT_NAME = "$(TARGET_NAME)";
				SWIFT_EMIT_LOC_STRINGS = NO;
				SWIFT_VERSION = 5.0;
				TARGETED_DEVICE_FAMILY = "1,2";
				TEST_TARGET_NAME = ExReactor;
			};
			name = Debug;
		};
		9B20743E2A025C5B00896261 /* Release */ = {
			isa = XCBuildConfiguration;
			buildSettings = {
				ALWAYS_EMBED_SWIFT_STANDARD_LIBRARIES = YES;
				CODE_SIGN_STYLE = Automatic;
				CURRENT_PROJECT_VERSION = 1;
				GENERATE_INFOPLIST_FILE = YES;
				MARKETING_VERSION = 1.0;
				PRODUCT_BUNDLE_IDENTIFIER = coke.ExReactorUITests;
				PRODUCT_NAME = "$(TARGET_NAME)";
				SWIFT_EMIT_LOC_STRINGS = NO;
				SWIFT_VERSION = 5.0;
				TARGETED_DEVICE_FAMILY = "1,2";
				TEST_TARGET_NAME = ExReactor;
			};
			name = Release;
		};
/* End XCBuildConfiguration section */

/* Begin XCConfigurationList section */
		9B2074072A025C5A00896261 /* Build configuration list for PBXProject "ExReactor" */ = {
			isa = XCConfigurationList;
			buildConfigurations = (
				9B2074342A025C5B00896261 /* Debug */,
				9B2074352A025C5B00896261 /* Release */,
			);
			defaultConfigurationIsVisible = 0;
			defaultConfigurationName = Release;
		};
		9B2074362A025C5B00896261 /* Build configuration list for PBXNativeTarget "ExReactor" */ = {
			isa = XCConfigurationList;
			buildConfigurations = (
				9B2074372A025C5B00896261 /* Debug */,
				9B2074382A025C5B00896261 /* Release */,
			);
			defaultConfigurationIsVisible = 0;
			defaultConfigurationName = Release;
		};
		9B2074392A025C5B00896261 /* Build configuration list for PBXNativeTarget "ExReactorTests" */ = {
			isa = XCConfigurationList;
			buildConfigurations = (
				9B20743A2A025C5B00896261 /* Debug */,
				9B20743B2A025C5B00896261 /* Release */,
			);
			defaultConfigurationIsVisible = 0;
			defaultConfigurationName = Release;
		};
		9B20743C2A025C5B00896261 /* Build configuration list for PBXNativeTarget "ExReactorUITests" */ = {
			isa = XCConfigurationList;
			buildConfigurations = (
				9B20743D2A025C5B00896261 /* Debug */,
				9B20743E2A025C5B00896261 /* Release */,
			);
			defaultConfigurationIsVisible = 0;
			defaultConfigurationName = Release;
		};
/* End XCConfigurationList section */

/* Begin XCRemoteSwiftPackageReference section */
		5149305D2A1C8FD30004516C /* XCRemoteSwiftPackageReference "NBModel-iOS" */ = {
			isa = XCRemoteSwiftPackageReference;
			repositoryURL = "https://github.com/nolbal/NBModel-iOS.git";
			requirement = {
				kind = upToNextMajorVersion;
				minimumVersion = 0.2.3;
			};
		};
		515B2AF72A14958B00BA34DF /* XCRemoteSwiftPackageReference "RxDataSources" */ = {
			isa = XCRemoteSwiftPackageReference;
			repositoryURL = "https://github.com/RxSwiftCommunity/RxDataSources.git";
			requirement = {
				kind = upToNextMajorVersion;
				minimumVersion = 5.0.0;
			};
		};
		518C61A82A1767A20032C1CA /* XCRemoteSwiftPackageReference "RxSwift" */ = {
			isa = XCRemoteSwiftPackageReference;
			repositoryURL = "https://github.com/ReactiveX/RxSwift.git";
			requirement = {
				kind = upToNextMajorVersion;
				minimumVersion = 6.0.0;
			};
		};
		9B20743F2A025CCC00896261 /* XCRemoteSwiftPackageReference "ReactorKit" */ = {
			isa = XCRemoteSwiftPackageReference;
			repositoryURL = "https://github.com/ReactorKit/ReactorKit.git";
			requirement = {
				kind = upToNextMajorVersion;
				minimumVersion = 3.2.0;
			};
		};
		9B2074422A025D4400896261 /* XCRemoteSwiftPackageReference "PinLayout" */ = {
			isa = XCRemoteSwiftPackageReference;
			repositoryURL = "https://github.com/layoutBox/PinLayout.git";
			requirement = {
				kind = upToNextMajorVersion;
				minimumVersion = 1.10.4;
			};
		};
		9B2074452A025D7B00896261 /* XCRemoteSwiftPackageReference "FlexLayout" */ = {
			isa = XCRemoteSwiftPackageReference;
			repositoryURL = "https://github.com/layoutBox/FlexLayout.git";
			requirement = {
				kind = upToNextMajorVersion;
				minimumVersion = 1.3.31;
			};
		};
		9B20744E2A025F0A00896261 /* XCRemoteSwiftPackageReference "Then" */ = {
			isa = XCRemoteSwiftPackageReference;
			repositoryURL = "https://github.com/devxoul/Then.git";
			requirement = {
				kind = upToNextMajorVersion;
				minimumVersion = 3.0.0;
			};
		};
		9B7CF0F42A13825100E471C3 /* XCRemoteSwiftPackageReference "Alamofire" */ = {
			isa = XCRemoteSwiftPackageReference;
			repositoryURL = "https://github.com/Alamofire/Alamofire.git";
			requirement = {
				kind = upToNextMajorVersion;
				minimumVersion = 5.6.4;
			};
		};
/* End XCRemoteSwiftPackageReference section */

/* Begin XCSwiftPackageProductDependency section */
		5149305E2A1C8FD30004516C /* NBModel */ = {
			isa = XCSwiftPackageProductDependency;
			package = 5149305D2A1C8FD30004516C /* XCRemoteSwiftPackageReference "NBModel-iOS" */;
			productName = NBModel;
		};
		515B2AF82A14958B00BA34DF /* Differentiator */ = {
			isa = XCSwiftPackageProductDependency;
			package = 515B2AF72A14958B00BA34DF /* XCRemoteSwiftPackageReference "RxDataSources" */;
			productName = Differentiator;
		};
		515B2AFA2A14958B00BA34DF /* RxDataSources */ = {
			isa = XCSwiftPackageProductDependency;
			package = 515B2AF72A14958B00BA34DF /* XCRemoteSwiftPackageReference "RxDataSources" */;
			productName = RxDataSources;
		};
		518C61A92A1767A20032C1CA /* RxCocoa */ = {
			isa = XCSwiftPackageProductDependency;
			package = 518C61A82A1767A20032C1CA /* XCRemoteSwiftPackageReference "RxSwift" */;
			productName = RxCocoa;
		};
		518C61AB2A1767A20032C1CA /* RxSwift */ = {
			isa = XCSwiftPackageProductDependency;
			package = 518C61A82A1767A20032C1CA /* XCRemoteSwiftPackageReference "RxSwift" */;
			productName = RxSwift;
		};
		9B2074402A025CCC00896261 /* ReactorKit */ = {
			isa = XCSwiftPackageProductDependency;
			package = 9B20743F2A025CCC00896261 /* XCRemoteSwiftPackageReference "ReactorKit" */;
			productName = ReactorKit;
		};
		9B2074432A025D4400896261 /* PinLayout */ = {
			isa = XCSwiftPackageProductDependency;
			package = 9B2074422A025D4400896261 /* XCRemoteSwiftPackageReference "PinLayout" */;
			productName = PinLayout;
		};
		9B2074462A025D7B00896261 /* FlexLayout */ = {
			isa = XCSwiftPackageProductDependency;
			package = 9B2074452A025D7B00896261 /* XCRemoteSwiftPackageReference "FlexLayout" */;
			productName = FlexLayout;
		};
		9B2074482A025D7B00896261 /* FlexLayoutYoga */ = {
			isa = XCSwiftPackageProductDependency;
			package = 9B2074452A025D7B00896261 /* XCRemoteSwiftPackageReference "FlexLayout" */;
			productName = FlexLayoutYoga;
		};
		9B20744A2A025D7B00896261 /* FlexLayoutYogaKit */ = {
			isa = XCSwiftPackageProductDependency;
			package = 9B2074452A025D7B00896261 /* XCRemoteSwiftPackageReference "FlexLayout" */;
			productName = FlexLayoutYogaKit;
		};
		9B20744F2A025F0A00896261 /* Then */ = {
			isa = XCSwiftPackageProductDependency;
			package = 9B20744E2A025F0A00896261 /* XCRemoteSwiftPackageReference "Then" */;
			productName = Then;
		};
		9B7CF0F52A13825100E471C3 /* Alamofire */ = {
			isa = XCSwiftPackageProductDependency;
			package = 9B7CF0F42A13825100E471C3 /* XCRemoteSwiftPackageReference "Alamofire" */;
			productName = Alamofire;
		};
/* End XCSwiftPackageProductDependency section */
	};
	rootObject = 9B2074042A025C5A00896261 /* Project object */;
}
